// !$*UTF8*$!
{
	archiveVersion = 1;
	classes = {
	};
	objectVersion = 55;
	objects = {

/* Begin PBXBuildFile section */
		2D4A8C9E2A1B9C4A00A7A6E4 /* VibeEditApp.swift in Sources */ = {isa = PBXBuildFile; fileRef = 2D4A8C9D2A1B9C4A00A7A6E4 /* VibeEditApp.swift */; };
		2D4A8CA02A1B9C4A00A7A6E4 /* ContentView.swift in Sources */ = {isa = PBXBuildFile; fileRef = 2D4A8C9F2A1B9C4A00A7A6E4 /* ContentView.swift */; };
		2D4A8CA32A1B9C4A00A7A6E4 /* Assets.xcassets in Resources */ = {isa = PBXBuildFile; fileRef = 2D4A8CA22A1B9C4A00A7A6E4 /* Assets.xcassets */; };
		991A84492E2D41A800F68EDB /* AppModel.swift in Sources */ = {isa = PBXBuildFile; fileRef = 991A84482E2D41A800F68EDB /* AppModel.swift */; };
		995B38ED2E2D43EF001E630B /* TextFile.swift in Sources */ = {isa = PBXBuildFile; fileRef = 995B38EC2E2D43EF001E630B /* TextFile.swift */; };
		99B89A512E2D4731007D6207 /* SettingsView.swift in Sources */ = {isa = PBXBuildFile; fileRef = 99B89A502E2D4731007D6207 /* SettingsView.swift */; };
/* End PBXBuildFile section */

/* Begin PBXFileReference section */
		2D4A8C9A2A1B9C4A00A7A6E4 /* VibeEdit.app */ = {isa = PBXFileReference; explicitFileType = wrapper.application; includeInIndex = 0; path = VibeEdit.app; sourceTree = BUILT_PRODUCTS_DIR; };
		2D4A8C9D2A1B9C4A00A7A6E4 /* VibeEditApp.swift */ = {isa = PBXFileReference; lastKnownFileType = sourcecode.swift; path = VibeEditApp.swift; sourceTree = "<group>"; };
		2D4A8C9F2A1B9C4A00A7A6E4 /* ContentView.swift */ = {isa = PBXFileReference; lastKnownFileType = sourcecode.swift; path = ContentView.swift; sourceTree = "<group>"; };
		2D4A8CA22A1B9C4A00A7A6E4 /* Assets.xcassets */ = {isa = PBXFileReference; lastKnownFileType = folder.assetcatalog; path = Assets.xcassets; sourceTree = "<group>"; };
		2D4A8CA42A1B9C4A00A7A6E4 /* Info.plist */ = {isa = PBXFileReference; lastKnownFileType = text.plist.xml; path = Info.plist; sourceTree = "<group>"; };
		991A84482E2D41A800F68EDB /* AppModel.swift */ = {isa = PBXFileReference; lastKnownFileType = sourcecode.swift; path = AppModel.swift; sourceTree = "<group>"; };
		995B38EC2E2D43EF001E630B /* TextFile.swift */ = {isa = PBXFileReference; lastKnownFileType = sourcecode.swift; path = TextFile.swift; sourceTree = "<group>"; };
		99B89A502E2D4731007D6207 /* SettingsView.swift */ = {isa = PBXFileReference; lastKnownFileType = sourcecode.swift; path = SettingsView.swift; sourceTree = "<group>"; };
/* End PBXFileReference section */

/* Begin PBXFrameworksBuildPhase section */
		2D4A8C972A1B9C4A00A7A6E4 /* Frameworks */ = {
			isa = PBXFrameworksBuildPhase;
			buildActionMask = 2147483647;
			files = (
			);
			runOnlyForDeploymentPostprocessing = 0;
		};
/* End PBXFrameworksBuildPhase section */

/* Begin PBXGroup section */
		2D4A8C942A1B9C4A00A7A6E4 = {
			isa = PBXGroup;
			children = (
				2D4A8C9C2A1B9C4A00A7A6E4 /* VibeEdit */,
				2D4A8C9B2A1B9C4A00A7A6E4 /* Products */,
			);
			sourceTree = "<group>";
		};
		2D4A8C9B2A1B9C4A00A7A6E4 /* Products */ = {
			isa = PBXGroup;
			children = (
				2D4A8C9A2A1B9C4A00A7A6E4 /* VibeEdit.app */,
			);
			name = Products;
			sourceTree = "<group>";
		};
		2D4A8C9C2A1B9C4A00A7A6E4 /* VibeEdit */ = {
			isa = PBXGroup;
			children = (
				991A84482E2D41A800F68EDB /* AppModel.swift */,
				2D4A8C9D2A1B9C4A00A7A6E4 /* VibeEditApp.swift */,
				995B38EC2E2D43EF001E630B /* TextFile.swift */,
				99B89A502E2D4731007D6207 /* SettingsView.swift */,
				2D4A8C9F2A1B9C4A00A7A6E4 /* ContentView.swift */,
				2D4A8CA22A1B9C4A00A7A6E4 /* Assets.xcassets */,
				2D4A8CA42A1B9C4A00A7A6E4 /* Info.plist */,
			);
			path = VibeEdit;
			sourceTree = "<group>";
		};
/* End PBXGroup section */

/* Begin PBXNativeTarget section */
		2D4A8C992A1B9C4A00A7A6E4 /* VibeEdit */ = {
			isa = PBXNativeTarget;
			buildConfigurationList = 2D4A8CAD2A1B9C4A00A7A6E4 /* Build configuration list for PBXNativeTarget "VibeEdit" */;
			buildPhases = (
				2D4A8C962A1B9C4A00A7A6E4 /* Sources */,
				2D4A8C972A1B9C4A00A7A6E4 /* Frameworks */,
				2D4A8C982A1B9C4A00A7A6E4 /* Resources */,
			);
			buildRules = (
			);
			dependencies = (
			);
			name = VibeEdit;
			productName = VibeEdit;
			productReference = 2D4A8C9A2A1B9C4A00A7A6E4 /* VibeEdit.app */;
			productType = "com.apple.product-type.application";
		};
/* End PBXNativeTarget section */

/* Begin PBXProject section */
		2D4A8C952A1B9C4A00A7A6E4 /* Project object */ = {
			isa = PBXProject;
			attributes = {
				LastUpgradeCheck = 1340;
			};
			buildConfigurationList = 2D4A8CA82A1B9C4A00A7A6E4 /* Build configuration list for PBXProject "VibeEdit" */;
			compatibilityVersion = "Xcode 13.0";
			developmentRegion = en;
			hasScannedForEncodings = 0;
			knownRegions = (
				en,
				Base,
			);
			mainGroup = 2D4A8C942A1B9C4A00A7A6E4;
			productRefGroup = 2D4A8C9B2A1B9C4A00A7A6E4 /* Products */;
			projectDirPath = "";
			projectRoot = "";
			targets = (
				2D4A8C992A1B9C4A00A7A6E4 /* VibeEdit */,
			);
		};
/* End PBXProject section */

/* Begin PBXResourcesBuildPhase section */
		2D4A8C982A1B9C4A00A7A6E4 /* Resources */ = {
			isa = PBXResourcesBuildPhase;
			buildActionMask = 2147483647;
			files = (
				2D4A8CA32A1B9C4A00A7A6E4 /* Assets.xcassets in Resources */,
			);
			runOnlyForDeploymentPostprocessing = 0;
		};
/* End PBXResourcesBuildPhase section */

/* Begin PBXSourcesBuildPhase section */
		2D4A8C962A1B9C4A00A7A6E4 /* Sources */ = {
			isa = PBXSourcesBuildPhase;
			buildActionMask = 2147483647;
			files = (
				99B89A512E2D4731007D6207 /* SettingsView.swift in Sources */,
				2D4A8CA02A1B9C4A00A7A6E4 /* ContentView.swift in Sources */,
				991A84492E2D41A800F68EDB /* AppModel.swift in Sources */,
				995B38ED2E2D43EF001E630B /* TextFile.swift in Sources */,
				2D4A8C9E2A1B9C4A00A7A6E4 /* VibeEditApp.swift in Sources */,
			);
			runOnlyForDeploymentPostprocessing = 0;
		};
/* End PBXSourcesBuildPhase section */

/* Begin XCBuildConfiguration section */
		2D4A8CA62A1B9C4A00A7A6E4 /* Debug */ = {
			isa = XCBuildConfiguration;
			buildSettings = {
				ALWAYS_SEARCH_USER_PATHS = NO;
				CLANG_ANALYZER_NONNULL = YES;
				CLANG_ANALYZER_NUMBER_OBJECT_CONVERSION = YES_AGGRESSIVE;
				CLANG_CXX_LANGUAGE_STANDARD = "gnu++14";
				CLANG_CXX_LIBRARY = "libc++";
				CLANG_ENABLE_MODULES = YES;
				CLANG_ENABLE_OBJC_ARC = YES;
				CLANG_ENABLE_OBJC_WEAK = YES;
				CLANG_WARN_BOOL_CONVERSION = YES;
				CLANG_WARN_CONSTANT_CONVERSION = YES;
				CLANG_WARN_DIRECT_OBJC_ISA_USAGE = YES_ERROR;
				CLANG_WARN_DOCUMENTATION_COMMENTS = YES;
				CLANG_WARN_EMPTY_BODY = YES;
				CLANG_WARN_ENUM_CONVERSION = YES;
				CLANG_WARN_INFINITE_RECURSION = YES;
				CLANG_WARN_INT_CONVERSION = YES;
				CLANG_WARN_NON_LITERAL_NULL_CONVERSION = YES;
				CLANG_WARN_OBJC_IMPLICIT_RETAIN_SELF = YES;
				CLANG_WARN_OBJC_LITERAL_CONVERSION = YES;
				CLANG_WARN_OBJC_ROOT_CLASS = YES_ERROR;
				CLANG_WARN_STRICT_PROTOTYPES = YES;
				CLANG_WARN_UNGUARDED_AVAILABILITY = YES_AGGRESSIVE;
				CLANG_WARN_UNREACHABLE_CODE = YES;
				COPY_PHASE_STRIP = NO;
				DEBUG_INFORMATION_FORMAT = dwarf;
				ENABLE_STRICT_OBJC_MSGSEND = YES;
				ENABLE_TESTABILITY = YES;
				GCC_C_LANGUAGE_STANDARD = gnu11;
				GCC_NO_COMMON_BLOCKS = YES;
				GCC_WARN_64_TO_32_BIT_CONVERSION = YES;
				GCC_WARN_ABOUT_RETURN_TYPE = YES_ERROR;
				GCC_WARN_UNDECLARED_SELECTOR = YES;
				GCC_WARN_UNINITIALIZED_AUTOS = YES_AGGRESSIVE;
				GCC_WARN_UNUSED_FUNCTION = YES;
				GCC_WARN_UNUSED_VARIABLE = YES;
				MACOSX_DEPLOYMENT_TARGET = 14.0;
				MTC_ENABLE_DEBUG_INFORMATION = YES;
				ONLY_ACTIVE_ARCH = YES;
				SDKROOT = macosx;
								BUILT_PRODUCTS_DIR = "$(SRCROOT)/build/Products";
								SYMROOT = "$(SRCROOT)/build/Intermediates";
				SWIFT_ACTIVE_COMPILATION_CONDITIONS = DEBUG;
				SWIFT_OPTIMIZATION_LEVEL = "-Onone";
			};
			name = Debug;
		};
		2D4A8CA72A1B9C4A00A7A6E4 /* Release */ = {
			isa = XCBuildConfiguration;
			buildSettings = {
				ALWAYS_SEARCH_USER_PATHS = NO;
				CLANG_ANALYZER_NONNULL = YES;
				CLANG_ANALYZER_NUMBER_OBJECT_CONVERSION = YES_AGGRESSIVE;
				CLANG_CXX_LANGUAGE_STANDARD = "gnu++14";
				CLANG_CXX_LIBRARY = "libc++";
				CLANG_ENABLE_MODULES = YES;
				CLANG_ENABLE_OBJC_ARC = YES;
				CLANG_ENABLE_OBJC_WEAK = YES;
				CLANG_WARN_BOOL_CONVERSION = YES;
				CLANG_WARN_CONSTANT_CONVERSION = YES;
				CLANG_WARN_DIRECT_OBJC_ISA_USAGE = YES_ERROR;
				CLANG_WARN_DOCUMENTATION_COMMENTS = YES;
				CLANG_WARN_EMPTY_BODY = YES;
				CLANG_WARN_ENUM_CONVERSION = YES;
				CLANG_WARN_INFINITE_RECURSION = YES;
				CLANG_WARN_INT_CONVERSION = YES;
				CLANG_WARN_NON_LITERAL_NULL_CONVERSION = YES;
				CLANG_WARN_OBJC_IMPLICIT_RETAIN_SELF = YES;
				CLANG_WARN_OBJC_LITERAL_CONVERSION = YES;
				CLANG_WARN_OBJC_ROOT_CLASS = YES_ERROR;
				CLANG_WARN_STRICT_PROTOTYPES = YES;
				CLANG_WARN_UNGUARDED_AVAILABILITY = YES_AGGRESSIVE;
				CLANG_WARN_UNREACHABLE_CODE = YES;
				COPY_PHASE_STRIP = YES;
				DEBUG_INFORMATION_FORMAT = "dwarf-with-dsym";
				ENABLE_NS_ASSERTIONS = NO;
				ENABLE_STRICT_OBJC_MSGSEND = YES;
				GCC_C_LANGUAGE_STANDARD = gnu11;
				GCC_NO_COMMON_BLOCKS = YES;
				GCC_WARN_64_TO_32_BIT_CONVERSION = YES;
				GCC_WARN_ABOUT_RETURN_TYPE = YES_ERROR;
				GCC_WARN_UNDECLARED_SELECTOR = YES;
				GCC_WARN_UNINITIALIZED_AUTOS = YES_AGGRESSIVE;
				GCC_WARN_UNUSED_FUNCTION = YES;
				GCC_WARN_UNUSED_VARIABLE = YES;
				MACOSX_DEPLOYMENT_TARGET = 14.0;
				MTC_ENABLE_DEBUG_INFORMATION = NO;
				SDKROOT = macosx;
								BUILT_PRODUCTS_DIR = "$(SRCROOT)/build/Products";
								SYMROOT = "$(SRCROOT)/build/Intermediates";
				SWIFT_COMPILATION_MODE = wholemodule;
				SWIFT_OPTIMIZATION_LEVEL = "-O";
			};
			name = Release;
		};
		2D4A8CAB2A1B9C4A00A7A6E4 /* Debug */ = {
			isa = XCBuildConfiguration;
			buildSettings = {
				ASSETCATALOG_COMPILER_APPICON_NAME = AppIcon;
				CODE_SIGN_IDENTITY = "Apple Development";
				CODE_SIGN_STYLE = Automatic;
				COMBINE_HIDDEN_SWIFTUI_PREVIEWS = YES;
				DEVELOPMENT_TEAM = "";
				INFOPLIST_FILE = VibeEdit/Info.plist;
				LD_RUNPATH_SEARCH_PATHS = (
					"$(inherited)",
					"@executable_path/../Frameworks",
				);
				MACOSX_DEPLOYMENT_TARGET = 14.0;
				PRODUCT_BUNDLE_IDENTIFIER = com.example.VibeEdit;
				PRODUCT_NAME = "$(TARGET_NAME)";
				SWIFT_VERSION = 5.0;
			};
			name = Debug;
		};
		2D4A8CAC2A1B9C4A00A7A6E4 /* Release */ = {
			isa = XCBuildConfiguration;
			buildSettings = {
				ASSETCATALOG_COMPILER_APPICON_NAME = AppIcon;
				CODE_SIGN_IDENTITY = "Apple Development";
				CODE_SIGN_STYLE = Automatic;
				COMBINE_HIDDEN_SWIFTUI_PREVIEWS = YES;
				DEVELOPMENT_TEAM = "";
				INFOPLIST_FILE = VibeEdit/Info.plist;
				LD_RUNPATH_SEARCH_PATHS = (
					"$(inherited)",
					"@executable_path/../Frameworks",
				);
				MACOSX_DEPLOYMENT_TARGET = 14.0;
				PRODUCT_BUNDLE_IDENTIFIER = com.example.VibeEdit;
				PRODUCT_NAME = "$(TARGET_NAME)";
				SWIFT_VERSION = 5.0;
			};
			name = Release;
		};
/* End XCBuildConfiguration section */

/* Begin XCConfigurationList section */
		2D4A8CA82A1B9C4A00A7A6E4 /* Build configuration list for PBXProject "VibeEdit" */ = {
			isa = XCConfigurationList;
			buildConfigurations = (
				2D4A8CA62A1B9C4A00A7A6E4 /* Debug */,
				2D4A8CA72A1B9C4A00A7A6E4 /* Release */,
			);
			defaultConfigurationIsVisible = 0;
			defaultConfigurationName = Release;
		};
		2D4A8CAD2A1B9C4A00A7A6E4 /* Build configuration list for PBXNativeTarget "VibeEdit" */ = {
			isa = XCConfigurationList;
			buildConfigurations = (
				2D4A8CAB2A1B9C4A00A7A6E4 /* Debug */,
				2D4A8CAC2A1B9C4A00A7A6E4 /* Release */,
			);
			defaultConfigurationIsVisible = 0;
			defaultConfigurationName = Release;
		};
/* End XCConfigurationList section */
	};
	rootObject = 2D4A8C952A1B9C4A00A7A6E4 /* Project object */;
}
